{
  "name": "telegram-koyeb-bot",
  "version": "1.0.0",
  "lockfileVersion": 2,
  "requires": true,
  "packages": {
    "": {
      "name": "telegram-koyeb-bot",
      "version": "1.0.0",
      "dependencies": {
        "node-telegram-bot-api": "^0.61.0"
      }
    },
    "node_modules/abbrev": {
      "version": "1.1.1",
      "resolved": "https://registry.npmjs.org/abbrev/-/abbrev-1.1.1.tgz",
      "integrity": "sha512-oxrhZfFD5hYhC9U+7/DU50QjFy82b+jVaCg7zW8+fE5W//wwI+BzJ8biK0T/xO2M4fELJFlJ7CxIdJQ1f+MdTQ==",
      "engines": {
        "node": ">=0.4.0"
      }
    },
    "node_modules/debug": {
      "version": "4.3.4",
      "resolved": "https://registry.npmjs.org/debug/-/debug-4.3.4.tgz",
      "integrity": "sha512-PLZ8JwVXB+Rv5t3ZaKHtNQqU6qW1rOP1T/UZh0UfmXid2m2aQ9HAPy9rSuF2CWmr5fDgddHtAwepNgcP8d7E/A==",
      "engines": {
        "node": ">=10"
      },
      "dependencies": {
        "ms": "2.1.3"
      }
    },
    "node_modules/ms": {
      "version": "2.1.3",
      "resolved": "https://registry.npmjs.org/ms/-/ms-2.1.3.tgz",
      "integrity": "sha512-t5QzZ5D9CuEAhVyyITSc6lAZnEyH7xr4pCuc1FZbXsJv9pAGJAfslk4aE1Q2xC0lDzfN1k8KmxqZo5ctWTEK0Q=="
    },
    "node_modules/node-telegram-bot-api": {
      "version": "0.61.0",
      "resolved": "https://registry.npmjs.org/node-telegram-bot-api/-/node-telegram-bot-api-0.61.0.tgz",
      "integrity": "sha512-Z81kM6XJqZxr1UdYzhH0kArzNPT7sz06vTFqQp2QY6z9klv9TQVQawCEx8fRf+m+8cPNlfy7WY3Gu17tQkZ0PQ==",
      "dependencies": {
        "debug": "^4.1.1",
        "https-proxy-agent": "^5.0.0",
        "lodash": "^4.17.21",
        "needle": "^3.0.0",
        "request": "^2.88.2"
      }
    }
  },
  "dependencies": {
    "node-telegram-bot-api": {
      "version": "0.61.0",
      "resolved": "https://registry.npmjs.org/node-telegram-bot-api/-/node-telegram-bot-api-0.61.0.tgz",
      "integrity": "sha512-Z81kM6XJqZxr1UdYzhH0kArzNPT7sz06vTFqQp2QY6z9klv9TQVQawCEx8fRf+m+8cPNlfy7WY3Gu17tQkZ0PQ==",
      "requires": {
        "debug": "^4.1.1",
        "https-proxy-agent": "^5.0.0",
        "lodash": "^4.17.21",
        "needle": "^3.0.0",
        "request": "^2.88.2"
      }
    }
  }
}
